<?xml version="1.0" encoding="utf-8"?>
<Project ToolsVersion="17.0" xmlns="http://schemas.microsoft.com/developer/msbuild/2003">
  <ItemGroup>
    <CustomBuild Include="C:\Users\jqntn\Documents\IIM\cocos2024\projects\JuGame\CMakeFiles\c0f9c1d98a2ba689ec16a5617c3d71bb\SYNC_RESOURCE-JuGame.rule">
      <Filter>CMake Rules</Filter>
    </CustomBuild>
    <CustomBuild Include="C:\Users\jqntn\Documents\IIM\cocos2024\projects\JuGame\CMakeLists.txt" />
  </ItemGroup>
  <ItemGroup>
    <None Include="C:\Users\jqntn\Documents\IIM\cocos2024\projects\JuGame\CMakeFiles\SYNC_RESOURCE-JuGame" />
  </ItemGroup>
  <ItemGroup>
    <Filter Include="CMake Rules">
      <UniqueIdentifier>{2DEBC31F-232C-3653-8B80-CA5886561F2E}</UniqueIdentifier>
    </Filter>
  </ItemGroup>
</Project>
