
Microsoft Visual Studio Solution File, Format Version 12.00
# Visual Studio Version 17
Project("{2150E333-8FDC-42A3-9474-1A3956D46DE8}") = "CMakePredefinedTargets", "CMakePredefinedTargets", "{0E68E422-0B6D-374D-82B8-72B01FEBBDF1}"
EndProject
Project("{2150E333-8FDC-42A3-9474-1A3956D46DE8}") = "External", "External", "{79A60BD1-AF6F-38C3-BA08-AC93ECC3966E}"
EndProject
Project("{2150E333-8FDC-42A3-9474-1A3956D46DE8}") = "Internal", "Internal", "{C2B3BD11-F4A9-35C0-9122-634CAA6D1E0E}"
EndProject
Project("{8BC9CEB8-8B4A-11D0-8D11-00A0C91BC942}") = "ALL_BUILD", "ALL_BUILD.vcxproj", "{A67DF74B-1C26-302C-8C2B-9BF24E7069FF}"
	ProjectSection(ProjectDependencies) = postProject
		{D208E02F-4917-381A-B05A-4CF6659FEF77} = {D208E02F-4917-381A-B05A-4CF6659FEF77}
		{AF3890CA-68B7-3209-A090-4110931C4777} = {AF3890CA-68B7-3209-A090-4110931C4777}
		{2A5E0AE7-5606-3D98-8AFC-A5B16E12F365} = {2A5E0AE7-5606-3D98-8AFC-A5B16E12F365}
		{1D83072F-9FE5-3268-87DA-19DD4C8385E0} = {1D83072F-9FE5-3268-87DA-19DD4C8385E0}
		{A3FA6E69-89D0-3423-B8EF-EB5323069BC3} = {A3FA6E69-89D0-3423-B8EF-EB5323069BC3}
		{B77DE050-31B4-37BE-B488-BDC9A4D025F2} = {B77DE050-31B4-37BE-B488-BDC9A4D025F2}
		{6101A253-A081-3BCB-B950-28386D2A192A} = {6101A253-A081-3BCB-B950-28386D2A192A}
		{1C0B3EBF-F7AB-3B1A-86E4-CEFFAB502876} = {1C0B3EBF-F7AB-3B1A-86E4-CEFFAB502876}
		{E95C7BEA-457C-3762-AB4D-CCE3F5A0FB71} = {E95C7BEA-457C-3762-AB4D-CCE3F5A0FB71}
		{D174B235-9EF7-3F64-B8B1-387278EA5562} = {D174B235-9EF7-3F64-B8B1-387278EA5562}
		{9678CBA3-1A76-389B-B582-A34ACB0B967C} = {9678CBA3-1A76-389B-B582-A34ACB0B967C}
		{960140C0-E1C7-383F-ADD7-0B28A8358B08} = {960140C0-E1C7-383F-ADD7-0B28A8358B08}
		{AC9B4DED-E900-3885-85E7-AACBF2E79172} = {AC9B4DED-E900-3885-85E7-AACBF2E79172}
	EndProjectSection
EndProject
Project("{8BC9CEB8-8B4A-11D0-8D11-00A0C91BC942}") = "ZERO_CHECK", "..\..\..\\ZERO_CHECK.vcxproj", "{D208E02F-4917-381A-B05A-4CF6659FEF77}"
	ProjectSection(ProjectDependencies) = postProject
	EndProjectSection
EndProject
Project("{8BC9CEB8-8B4A-11D0-8D11-00A0C91BC942}") = "cocos2d", "cocos2d.vcxproj", "{AF3890CA-68B7-3209-A090-4110931C4777}"
	ProjectSection(ProjectDependencies) = postProject
		{D208E02F-4917-381A-B05A-4CF6659FEF77} = {D208E02F-4917-381A-B05A-4CF6659FEF77}
		{2A5E0AE7-5606-3D98-8AFC-A5B16E12F365} = {2A5E0AE7-5606-3D98-8AFC-A5B16E12F365}
		{1D83072F-9FE5-3268-87DA-19DD4C8385E0} = {1D83072F-9FE5-3268-87DA-19DD4C8385E0}
		{A3FA6E69-89D0-3423-B8EF-EB5323069BC3} = {A3FA6E69-89D0-3423-B8EF-EB5323069BC3}
		{B77DE050-31B4-37BE-B488-BDC9A4D025F2} = {B77DE050-31B4-37BE-B488-BDC9A4D025F2}
		{6101A253-A081-3BCB-B950-28386D2A192A} = {6101A253-A081-3BCB-B950-28386D2A192A}
		{1C0B3EBF-F7AB-3B1A-86E4-CEFFAB502876} = {1C0B3EBF-F7AB-3B1A-86E4-CEFFAB502876}
		{E95C7BEA-457C-3762-AB4D-CCE3F5A0FB71} = {E95C7BEA-457C-3762-AB4D-CCE3F5A0FB71}
		{D174B235-9EF7-3F64-B8B1-387278EA5562} = {D174B235-9EF7-3F64-B8B1-387278EA5562}
		{9678CBA3-1A76-389B-B582-A34ACB0B967C} = {9678CBA3-1A76-389B-B582-A34ACB0B967C}
		{960140C0-E1C7-383F-ADD7-0B28A8358B08} = {960140C0-E1C7-383F-ADD7-0B28A8358B08}
		{AC9B4DED-E900-3885-85E7-AACBF2E79172} = {AC9B4DED-E900-3885-85E7-AACBF2E79172}
	EndProjectSection
EndProject
Project("{8BC9CEB8-8B4A-11D0-8D11-00A0C91BC942}") = "ext_clipper", "..\..\external\clipper\ext_clipper.vcxproj", "{2A5E0AE7-5606-3D98-8AFC-A5B16E12F365}"
	ProjectSection(ProjectDependencies) = postProject
		{D208E02F-4917-381A-B05A-4CF6659FEF77} = {D208E02F-4917-381A-B05A-4CF6659FEF77}
	EndProjectSection
EndProject
Project("{8BC9CEB8-8B4A-11D0-8D11-00A0C91BC942}") = "ext_convertUTF", "..\..\external\ConvertUTF\ext_convertUTF.vcxproj", "{1D83072F-9FE5-3268-87DA-19DD4C8385E0}"
	ProjectSection(ProjectDependencies) = postProject
		{D208E02F-4917-381A-B05A-4CF6659FEF77} = {D208E02F-4917-381A-B05A-4CF6659FEF77}
	EndProjectSection
EndProject
Project("{8BC9CEB8-8B4A-11D0-8D11-00A0C91BC942}") = "ext_edtaa3func", "..\..\external\edtaa3func\ext_edtaa3func.vcxproj", "{A3FA6E69-89D0-3423-B8EF-EB5323069BC3}"
	ProjectSection(ProjectDependencies) = postProject
		{D208E02F-4917-381A-B05A-4CF6659FEF77} = {D208E02F-4917-381A-B05A-4CF6659FEF77}
	EndProjectSection
EndProject
Project("{8BC9CEB8-8B4A-11D0-8D11-00A0C91BC942}") = "ext_md5", "..\..\external\md5\ext_md5.vcxproj", "{B77DE050-31B4-37BE-B488-BDC9A4D025F2}"
	ProjectSection(ProjectDependencies) = postProject
		{D208E02F-4917-381A-B05A-4CF6659FEF77} = {D208E02F-4917-381A-B05A-4CF6659FEF77}
	EndProjectSection
EndProject
Project("{8BC9CEB8-8B4A-11D0-8D11-00A0C91BC942}") = "ext_poly2tri", "..\..\external\poly2tri\ext_poly2tri.vcxproj", "{6101A253-A081-3BCB-B950-28386D2A192A}"
	ProjectSection(ProjectDependencies) = postProject
		{D208E02F-4917-381A-B05A-4CF6659FEF77} = {D208E02F-4917-381A-B05A-4CF6659FEF77}
	EndProjectSection
EndProject
Project("{8BC9CEB8-8B4A-11D0-8D11-00A0C91BC942}") = "ext_recast", "..\..\external\recast\ext_recast.vcxproj", "{1C0B3EBF-F7AB-3B1A-86E4-CEFFAB502876}"
	ProjectSection(ProjectDependencies) = postProject
		{D208E02F-4917-381A-B05A-4CF6659FEF77} = {D208E02F-4917-381A-B05A-4CF6659FEF77}
	EndProjectSection
EndProject
Project("{8BC9CEB8-8B4A-11D0-8D11-00A0C91BC942}") = "ext_tinyxml2", "..\..\external\tinyxml2\ext_tinyxml2.vcxproj", "{E95C7BEA-457C-3762-AB4D-CCE3F5A0FB71}"
	ProjectSection(ProjectDependencies) = postProject
		{D208E02F-4917-381A-B05A-4CF6659FEF77} = {D208E02F-4917-381A-B05A-4CF6659FEF77}
	EndProjectSection
EndProject
Project("{8BC9CEB8-8B4A-11D0-8D11-00A0C91BC942}") = "ext_unzip", "..\..\external\unzip\ext_unzip.vcxproj", "{D174B235-9EF7-3F64-B8B1-387278EA5562}"
	ProjectSection(ProjectDependencies) = postProject
		{D208E02F-4917-381A-B05A-4CF6659FEF77} = {D208E02F-4917-381A-B05A-4CF6659FEF77}
	EndProjectSection
EndProject
Project("{8BC9CEB8-8B4A-11D0-8D11-00A0C91BC942}") = "ext_xxhash", "..\..\external\xxhash\ext_xxhash.vcxproj", "{9678CBA3-1A76-389B-B582-A34ACB0B967C}"
	ProjectSection(ProjectDependencies) = postProject
		{D208E02F-4917-381A-B05A-4CF6659FEF77} = {D208E02F-4917-381A-B05A-4CF6659FEF77}
	EndProjectSection
EndProject
Project("{8BC9CEB8-8B4A-11D0-8D11-00A0C91BC942}") = "ext_xxtea", "..\..\external\xxtea\ext_xxtea.vcxproj", "{960140C0-E1C7-383F-ADD7-0B28A8358B08}"
	ProjectSection(ProjectDependencies) = postProject
		{D208E02F-4917-381A-B05A-4CF6659FEF77} = {D208E02F-4917-381A-B05A-4CF6659FEF77}
	EndProjectSection
EndProject
Project("{8BC9CEB8-8B4A-11D0-8D11-00A0C91BC942}") = "external", "..\..\external\external.vcxproj", "{AC9B4DED-E900-3885-85E7-AACBF2E79172}"
	ProjectSection(ProjectDependencies) = postProject
		{D208E02F-4917-381A-B05A-4CF6659FEF77} = {D208E02F-4917-381A-B05A-4CF6659FEF77}
		{2A5E0AE7-5606-3D98-8AFC-A5B16E12F365} = {2A5E0AE7-5606-3D98-8AFC-A5B16E12F365}
		{1D83072F-9FE5-3268-87DA-19DD4C8385E0} = {1D83072F-9FE5-3268-87DA-19DD4C8385E0}
		{A3FA6E69-89D0-3423-B8EF-EB5323069BC3} = {A3FA6E69-89D0-3423-B8EF-EB5323069BC3}
		{B77DE050-31B4-37BE-B488-BDC9A4D025F2} = {B77DE050-31B4-37BE-B488-BDC9A4D025F2}
		{6101A253-A081-3BCB-B950-28386D2A192A} = {6101A253-A081-3BCB-B950-28386D2A192A}
		{1C0B3EBF-F7AB-3B1A-86E4-CEFFAB502876} = {1C0B3EBF-F7AB-3B1A-86E4-CEFFAB502876}
		{E95C7BEA-457C-3762-AB4D-CCE3F5A0FB71} = {E95C7BEA-457C-3762-AB4D-CCE3F5A0FB71}
		{D174B235-9EF7-3F64-B8B1-387278EA5562} = {D174B235-9EF7-3F64-B8B1-387278EA5562}
		{9678CBA3-1A76-389B-B582-A34ACB0B967C} = {9678CBA3-1A76-389B-B582-A34ACB0B967C}
		{960140C0-E1C7-383F-ADD7-0B28A8358B08} = {960140C0-E1C7-383F-ADD7-0B28A8358B08}
	EndProjectSection
EndProject
Global
	GlobalSection(SolutionConfigurationPlatforms) = preSolution
		Debug|Win32 = Debug|Win32
		Release|Win32 = Release|Win32
		MinSizeRel|Win32 = MinSizeRel|Win32
		RelWithDebInfo|Win32 = RelWithDebInfo|Win32
	EndGlobalSection
	GlobalSection(ProjectConfigurationPlatforms) = postSolution
		{A67DF74B-1C26-302C-8C2B-9BF24E7069FF}.Debug|Win32.ActiveCfg = Debug|Win32
		{A67DF74B-1C26-302C-8C2B-9BF24E7069FF}.Release|Win32.ActiveCfg = Release|Win32
		{A67DF74B-1C26-302C-8C2B-9BF24E7069FF}.MinSizeRel|Win32.ActiveCfg = MinSizeRel|Win32
		{A67DF74B-1C26-302C-8C2B-9BF24E7069FF}.RelWithDebInfo|Win32.ActiveCfg = RelWithDebInfo|Win32
		{D208E02F-4917-381A-B05A-4CF6659FEF77}.Debug|Win32.ActiveCfg = Debug|Win32
		{D208E02F-4917-381A-B05A-4CF6659FEF77}.Debug|Win32.Build.0 = Debug|Win32
		{D208E02F-4917-381A-B05A-4CF6659FEF77}.Release|Win32.ActiveCfg = Release|Win32
		{D208E02F-4917-381A-B05A-4CF6659FEF77}.Release|Win32.Build.0 = Release|Win32
		{D208E02F-4917-381A-B05A-4CF6659FEF77}.MinSizeRel|Win32.ActiveCfg = MinSizeRel|Win32
		{D208E02F-4917-381A-B05A-4CF6659FEF77}.MinSizeRel|Win32.Build.0 = MinSizeRel|Win32
		{D208E02F-4917-381A-B05A-4CF6659FEF77}.RelWithDebInfo|Win32.ActiveCfg = RelWithDebInfo|Win32
		{D208E02F-4917-381A-B05A-4CF6659FEF77}.RelWithDebInfo|Win32.Build.0 = RelWithDebInfo|Win32
		{AF3890CA-68B7-3209-A090-4110931C4777}.Debug|Win32.ActiveCfg = Debug|Win32
		{AF3890CA-68B7-3209-A090-4110931C4777}.Debug|Win32.Build.0 = Debug|Win32
		{AF3890CA-68B7-3209-A090-4110931C4777}.Release|Win32.ActiveCfg = Release|Win32
		{AF3890CA-68B7-3209-A090-4110931C4777}.Release|Win32.Build.0 = Release|Win32
		{AF3890CA-68B7-3209-A090-4110931C4777}.MinSizeRel|Win32.ActiveCfg = MinSizeRel|Win32
		{AF3890CA-68B7-3209-A090-4110931C4777}.MinSizeRel|Win32.Build.0 = MinSizeRel|Win32
		{AF3890CA-68B7-3209-A090-4110931C4777}.RelWithDebInfo|Win32.ActiveCfg = RelWithDebInfo|Win32
		{AF3890CA-68B7-3209-A090-4110931C4777}.RelWithDebInfo|Win32.Build.0 = RelWithDebInfo|Win32
		{2A5E0AE7-5606-3D98-8AFC-A5B16E12F365}.Debug|Win32.ActiveCfg = Debug|Win32
		{2A5E0AE7-5606-3D98-8AFC-A5B16E12F365}.Debug|Win32.Build.0 = Debug|Win32
		{2A5E0AE7-5606-3D98-8AFC-A5B16E12F365}.Release|Win32.ActiveCfg = Release|Win32
		{2A5E0AE7-5606-3D98-8AFC-A5B16E12F365}.Release|Win32.Build.0 = Release|Win32
		{2A5E0AE7-5606-3D98-8AFC-A5B16E12F365}.MinSizeRel|Win32.ActiveCfg = MinSizeRel|Win32
		{2A5E0AE7-5606-3D98-8AFC-A5B16E12F365}.MinSizeRel|Win32.Build.0 = MinSizeRel|Win32
		{2A5E0AE7-5606-3D98-8AFC-A5B16E12F365}.RelWithDebInfo|Win32.ActiveCfg = RelWithDebInfo|Win32
		{2A5E0AE7-5606-3D98-8AFC-A5B16E12F365}.RelWithDebInfo|Win32.Build.0 = RelWithDebInfo|Win32
		{1D83072F-9FE5-3268-87DA-19DD4C8385E0}.Debug|Win32.ActiveCfg = Debug|Win32
		{1D83072F-9FE5-3268-87DA-19DD4C8385E0}.Debug|Win32.Build.0 = Debug|Win32
		{1D83072F-9FE5-3268-87DA-19DD4C8385E0}.Release|Win32.ActiveCfg = Release|Win32
		{1D83072F-9FE5-3268-87DA-19DD4C8385E0}.Release|Win32.Build.0 = Release|Win32
		{1D83072F-9FE5-3268-87DA-19DD4C8385E0}.MinSizeRel|Win32.ActiveCfg = MinSizeRel|Win32
		{1D83072F-9FE5-3268-87DA-19DD4C8385E0}.MinSizeRel|Win32.Build.0 = MinSizeRel|Win32
		{1D83072F-9FE5-3268-87DA-19DD4C8385E0}.RelWithDebInfo|Win32.ActiveCfg = RelWithDebInfo|Win32
		{1D83072F-9FE5-3268-87DA-19DD4C8385E0}.RelWithDebInfo|Win32.Build.0 = RelWithDebInfo|Win32
		{A3FA6E69-89D0-3423-B8EF-EB5323069BC3}.Debug|Win32.ActiveCfg = Debug|Win32
		{A3FA6E69-89D0-3423-B8EF-EB5323069BC3}.Debug|Win32.Build.0 = Debug|Win32
		{A3FA6E69-89D0-3423-B8EF-EB5323069BC3}.Release|Win32.ActiveCfg = Release|Win32
		{A3FA6E69-89D0-3423-B8EF-EB5323069BC3}.Release|Win32.Build.0 = Release|Win32
		{A3FA6E69-89D0-3423-B8EF-EB5323069BC3}.MinSizeRel|Win32.ActiveCfg = MinSizeRel|Win32
		{A3FA6E69-89D0-3423-B8EF-EB5323069BC3}.MinSizeRel|Win32.Build.0 = MinSizeRel|Win32
		{A3FA6E69-89D0-3423-B8EF-EB5323069BC3}.RelWithDebInfo|Win32.ActiveCfg = RelWithDebInfo|Win32
		{A3FA6E69-89D0-3423-B8EF-EB5323069BC3}.RelWithDebInfo|Win32.Build.0 = RelWithDebInfo|Win32
		{B77DE050-31B4-37BE-B488-BDC9A4D025F2}.Debug|Win32.ActiveCfg = Debug|Win32
		{B77DE050-31B4-37BE-B488-BDC9A4D025F2}.Debug|Win32.Build.0 = Debug|Win32
		{B77DE050-31B4-37BE-B488-BDC9A4D025F2}.Release|Win32.ActiveCfg = Release|Win32
		{B77DE050-31B4-37BE-B488-BDC9A4D025F2}.Release|Win32.Build.0 = Release|Win32
		{B77DE050-31B4-37BE-B488-BDC9A4D025F2}.MinSizeRel|Win32.ActiveCfg = MinSizeRel|Win32
		{B77DE050-31B4-37BE-B488-BDC9A4D025F2}.MinSizeRel|Win32.Build.0 = MinSizeRel|Win32
		{B77DE050-31B4-37BE-B488-BDC9A4D025F2}.RelWithDebInfo|Win32.ActiveCfg = RelWithDebInfo|Win32
		{B77DE050-31B4-37BE-B488-BDC9A4D025F2}.RelWithDebInfo|Win32.Build.0 = RelWithDebInfo|Win32
		{6101A253-A081-3BCB-B950-28386D2A192A}.Debug|Win32.ActiveCfg = Debug|Win32
		{6101A253-A081-3BCB-B950-28386D2A192A}.Debug|Win32.Build.0 = Debug|Win32
		{6101A253-A081-3BCB-B950-28386D2A192A}.Release|Win32.ActiveCfg = Release|Win32
		{6101A253-A081-3BCB-B950-28386D2A192A}.Release|Win32.Build.0 = Release|Win32
		{6101A253-A081-3BCB-B950-28386D2A192A}.MinSizeRel|Win32.ActiveCfg = MinSizeRel|Win32
		{6101A253-A081-3BCB-B950-28386D2A192A}.MinSizeRel|Win32.Build.0 = MinSizeRel|Win32
		{6101A253-A081-3BCB-B950-28386D2A192A}.RelWithDebInfo|Win32.ActiveCfg = RelWithDebInfo|Win32
		{6101A253-A081-3BCB-B950-28386D2A192A}.RelWithDebInfo|Win32.Build.0 = RelWithDebInfo|Win32
		{1C0B3EBF-F7AB-3B1A-86E4-CEFFAB502876}.Debug|Win32.ActiveCfg = Debug|Win32
		{1C0B3EBF-F7AB-3B1A-86E4-CEFFAB502876}.Debug|Win32.Build.0 = Debug|Win32
		{1C0B3EBF-F7AB-3B1A-86E4-CEFFAB502876}.Release|Win32.ActiveCfg = Release|Win32
		{1C0B3EBF-F7AB-3B1A-86E4-CEFFAB502876}.Release|Win32.Build.0 = Release|Win32
		{1C0B3EBF-F7AB-3B1A-86E4-CEFFAB502876}.MinSizeRel|Win32.ActiveCfg = MinSizeRel|Win32
		{1C0B3EBF-F7AB-3B1A-86E4-CEFFAB502876}.MinSizeRel|Win32.Build.0 = MinSizeRel|Win32
		{1C0B3EBF-F7AB-3B1A-86E4-CEFFAB502876}.RelWithDebInfo|Win32.ActiveCfg = RelWithDebInfo|Win32
		{1C0B3EBF-F7AB-3B1A-86E4-CEFFAB502876}.RelWithDebInfo|Win32.Build.0 = RelWithDebInfo|Win32
		{E95C7BEA-457C-3762-AB4D-CCE3F5A0FB71}.Debug|Win32.ActiveCfg = Debug|Win32
		{E95C7BEA-457C-3762-AB4D-CCE3F5A0FB71}.Debug|Win32.Build.0 = Debug|Win32
		{E95C7BEA-457C-3762-AB4D-CCE3F5A0FB71}.Release|Win32.ActiveCfg = Release|Win32
		{E95C7BEA-457C-3762-AB4D-CCE3F5A0FB71}.Release|Win32.Build.0 = Release|Win32
		{E95C7BEA-457C-3762-AB4D-CCE3F5A0FB71}.MinSizeRel|Win32.ActiveCfg = MinSizeRel|Win32
		{E95C7BEA-457C-3762-AB4D-CCE3F5A0FB71}.MinSizeRel|Win32.Build.0 = MinSizeRel|Win32
		{E95C7BEA-457C-3762-AB4D-CCE3F5A0FB71}.RelWithDebInfo|Win32.ActiveCfg = RelWithDebInfo|Win32
		{E95C7BEA-457C-3762-AB4D-CCE3F5A0FB71}.RelWithDebInfo|Win32.Build.0 = RelWithDebInfo|Win32
		{D174B235-9EF7-3F64-B8B1-387278EA5562}.Debug|Win32.ActiveCfg = Debug|Win32
		{D174B235-9EF7-3F64-B8B1-387278EA5562}.Debug|Win32.Build.0 = Debug|Win32
		{D174B235-9EF7-3F64-B8B1-387278EA5562}.Release|Win32.ActiveCfg = Release|Win32
		{D174B235-9EF7-3F64-B8B1-387278EA5562}.Release|Win32.Build.0 = Release|Win32
		{D174B235-9EF7-3F64-B8B1-387278EA5562}.MinSizeRel|Win32.ActiveCfg = MinSizeRel|Win32
		{D174B235-9EF7-3F64-B8B1-387278EA5562}.MinSizeRel|Win32.Build.0 = MinSizeRel|Win32
		{D174B235-9EF7-3F64-B8B1-387278EA5562}.RelWithDebInfo|Win32.ActiveCfg = RelWithDebInfo|Win32
		{D174B235-9EF7-3F64-B8B1-387278EA5562}.RelWithDebInfo|Win32.Build.0 = RelWithDebInfo|Win32
		{9678CBA3-1A76-389B-B582-A34ACB0B967C}.Debug|Win32.ActiveCfg = Debug|Win32
		{9678CBA3-1A76-389B-B582-A34ACB0B967C}.Debug|Win32.Build.0 = Debug|Win32
		{9678CBA3-1A76-389B-B582-A34ACB0B967C}.Release|Win32.ActiveCfg = Release|Win32
		{9678CBA3-1A76-389B-B582-A34ACB0B967C}.Release|Win32.Build.0 = Release|Win32
		{9678CBA3-1A76-389B-B582-A34ACB0B967C}.MinSizeRel|Win32.ActiveCfg = MinSizeRel|Win32
		{9678CBA3-1A76-389B-B582-A34ACB0B967C}.MinSizeRel|Win32.Build.0 = MinSizeRel|Win32
		{9678CBA3-1A76-389B-B582-A34ACB0B967C}.RelWithDebInfo|Win32.ActiveCfg = RelWithDebInfo|Win32
		{9678CBA3-1A76-389B-B582-A34ACB0B967C}.RelWithDebInfo|Win32.Build.0 = RelWithDebInfo|Win32
		{960140C0-E1C7-383F-ADD7-0B28A8358B08}.Debug|Win32.ActiveCfg = Debug|Win32
		{960140C0-E1C7-383F-ADD7-0B28A8358B08}.Debug|Win32.Build.0 = Debug|Win32
		{960140C0-E1C7-383F-ADD7-0B28A8358B08}.Release|Win32.ActiveCfg = Release|Win32
		{960140C0-E1C7-383F-ADD7-0B28A8358B08}.Release|Win32.Build.0 = Release|Win32
		{960140C0-E1C7-383F-ADD7-0B28A8358B08}.MinSizeRel|Win32.ActiveCfg = MinSizeRel|Win32
		{960140C0-E1C7-383F-ADD7-0B28A8358B08}.MinSizeRel|Win32.Build.0 = MinSizeRel|Win32
		{960140C0-E1C7-383F-ADD7-0B28A8358B08}.RelWithDebInfo|Win32.ActiveCfg = RelWithDebInfo|Win32
		{960140C0-E1C7-383F-ADD7-0B28A8358B08}.RelWithDebInfo|Win32.Build.0 = RelWithDebInfo|Win32
		{AC9B4DED-E900-3885-85E7-AACBF2E79172}.Debug|Win32.ActiveCfg = Debug|Win32
		{AC9B4DED-E900-3885-85E7-AACBF2E79172}.Debug|Win32.Build.0 = Debug|Win32
		{AC9B4DED-E900-3885-85E7-AACBF2E79172}.Release|Win32.ActiveCfg = Release|Win32
		{AC9B4DED-E900-3885-85E7-AACBF2E79172}.Release|Win32.Build.0 = Release|Win32
		{AC9B4DED-E900-3885-85E7-AACBF2E79172}.MinSizeRel|Win32.ActiveCfg = MinSizeRel|Win32
		{AC9B4DED-E900-3885-85E7-AACBF2E79172}.MinSizeRel|Win32.Build.0 = MinSizeRel|Win32
		{AC9B4DED-E900-3885-85E7-AACBF2E79172}.RelWithDebInfo|Win32.ActiveCfg = RelWithDebInfo|Win32
		{AC9B4DED-E900-3885-85E7-AACBF2E79172}.RelWithDebInfo|Win32.Build.0 = RelWithDebInfo|Win32
	EndGlobalSection
	GlobalSection(NestedProjects) = preSolution
		{A67DF74B-1C26-302C-8C2B-9BF24E7069FF} = {0E68E422-0B6D-374D-82B8-72B01FEBBDF1}
		{D208E02F-4917-381A-B05A-4CF6659FEF77} = {0E68E422-0B6D-374D-82B8-72B01FEBBDF1}
		{2A5E0AE7-5606-3D98-8AFC-A5B16E12F365} = {79A60BD1-AF6F-38C3-BA08-AC93ECC3966E}
		{1D83072F-9FE5-3268-87DA-19DD4C8385E0} = {79A60BD1-AF6F-38C3-BA08-AC93ECC3966E}
		{A3FA6E69-89D0-3423-B8EF-EB5323069BC3} = {79A60BD1-AF6F-38C3-BA08-AC93ECC3966E}
		{B77DE050-31B4-37BE-B488-BDC9A4D025F2} = {79A60BD1-AF6F-38C3-BA08-AC93ECC3966E}
		{6101A253-A081-3BCB-B950-28386D2A192A} = {79A60BD1-AF6F-38C3-BA08-AC93ECC3966E}
		{1C0B3EBF-F7AB-3B1A-86E4-CEFFAB502876} = {79A60BD1-AF6F-38C3-BA08-AC93ECC3966E}
		{E95C7BEA-457C-3762-AB4D-CCE3F5A0FB71} = {79A60BD1-AF6F-38C3-BA08-AC93ECC3966E}
		{D174B235-9EF7-3F64-B8B1-387278EA5562} = {79A60BD1-AF6F-38C3-BA08-AC93ECC3966E}
		{9678CBA3-1A76-389B-B582-A34ACB0B967C} = {79A60BD1-AF6F-38C3-BA08-AC93ECC3966E}
		{960140C0-E1C7-383F-ADD7-0B28A8358B08} = {79A60BD1-AF6F-38C3-BA08-AC93ECC3966E}
		{AC9B4DED-E900-3885-85E7-AACBF2E79172} = {79A60BD1-AF6F-38C3-BA08-AC93ECC3966E}
		{AF3890CA-68B7-3209-A090-4110931C4777} = {C2B3BD11-F4A9-35C0-9122-634CAA6D1E0E}
	EndGlobalSection
	GlobalSection(ExtensibilityGlobals) = postSolution
		SolutionGuid = {2FAB6146-5F73-3A9E-8AEF-9F3D7AF229E4}
	EndGlobalSection
	GlobalSection(ExtensibilityAddIns) = postSolution
	EndGlobalSection
EndGlobal
