
Microsoft Visual Studio Solution File, Format Version 12.00
# Visual Studio Version 17
VisualStudioVersion = 17.8.34511.84
MinimumVisualStudioVersion = 10.0.40219.1
Project("{2150E333-8FDC-42A3-9474-1A3956D46DE8}") = "CMakePredefinedTargets", "CMakePredefinedTargets", "{81B588CE-A7E9-3AB7-BAC9-D048E10427F0}"
EndProject
Project("{2150E333-8FDC-42A3-9474-1A3956D46DE8}") = "External", "External", "{894186A6-76E6-3B90-B994-0FD879F9A17C}"
EndProject
Project("{2150E333-8FDC-42A3-9474-1A3956D46DE8}") = "Internal", "Internal", "{44DDBCFC-8871-3D66-8D05-651EF3DF0719}"
EndProject
Project("{2150E333-8FDC-42A3-9474-1A3956D46DE8}") = "Utils", "Utils", "{D8A1F043-82EB-389B-BDDA-706EEF447277}"
EndProject
Project("{8BC9CEB8-8B4A-11D0-8D11-00A0C91BC942}") = "ALL_BUILD", "ALL_BUILD.vcxproj", "{E83235FF-35D2-3C2D-B3FA-E147F6FE4F62}"
	ProjectSection(ProjectDependencies) = postProject
		{C7691E3B-A737-3802-B49B-A0DBF2CBD8F1} = {C7691E3B-A737-3802-B49B-A0DBF2CBD8F1}
		{E2058D18-346B-3725-AE33-53530728DC72} = {E2058D18-346B-3725-AE33-53530728DC72}
		{5D367466-1340-39D9-A06D-BEFA20E77428} = {5D367466-1340-39D9-A06D-BEFA20E77428}
		{1F077F3E-52B1-3E0D-A67B-4BA7DC3C0CBB} = {1F077F3E-52B1-3E0D-A67B-4BA7DC3C0CBB}
		{E820674C-E993-339C-9916-8933363D7274} = {E820674C-E993-339C-9916-8933363D7274}
		{1D60C9D3-6A2A-3190-9136-E319CD6E5711} = {1D60C9D3-6A2A-3190-9136-E319CD6E5711}
		{F8026693-9270-322C-9CC1-2B02FE6399FC} = {F8026693-9270-322C-9CC1-2B02FE6399FC}
		{DBA98433-82FB-3188-BB06-845C824FA72F} = {DBA98433-82FB-3188-BB06-845C824FA72F}
		{D9167550-7CBF-3C3E-81E3-535CB7E71D5F} = {D9167550-7CBF-3C3E-81E3-535CB7E71D5F}
		{E5A65546-BC54-3E2F-85AC-B717EB166FAC} = {E5A65546-BC54-3E2F-85AC-B717EB166FAC}
		{3E259A14-3462-3541-8A3F-6226959975DB} = {3E259A14-3462-3541-8A3F-6226959975DB}
		{2C503359-93DC-38BC-A449-A15720691C02} = {2C503359-93DC-38BC-A449-A15720691C02}
		{54F42834-9B7E-3F75-B740-AD3C968CEE3E} = {54F42834-9B7E-3F75-B740-AD3C968CEE3E}
		{82AA116D-489F-32FA-8E28-5AE674D26CFB} = {82AA116D-489F-32FA-8E28-5AE674D26CFB}
		{213304E2-81AE-36D4-A762-6FA015BFC353} = {213304E2-81AE-36D4-A762-6FA015BFC353}
	EndProjectSection
EndProject
Project("{8BC9CEB8-8B4A-11D0-8D11-00A0C91BC942}") = "JuGame", "JuGame.vcxproj", "{C7691E3B-A737-3802-B49B-A0DBF2CBD8F1}"
	ProjectSection(ProjectDependencies) = postProject
		{E2058D18-346B-3725-AE33-53530728DC72} = {E2058D18-346B-3725-AE33-53530728DC72}
		{5D367466-1340-39D9-A06D-BEFA20E77428} = {5D367466-1340-39D9-A06D-BEFA20E77428}
		{1F077F3E-52B1-3E0D-A67B-4BA7DC3C0CBB} = {1F077F3E-52B1-3E0D-A67B-4BA7DC3C0CBB}
		{E820674C-E993-339C-9916-8933363D7274} = {E820674C-E993-339C-9916-8933363D7274}
		{1D60C9D3-6A2A-3190-9136-E319CD6E5711} = {1D60C9D3-6A2A-3190-9136-E319CD6E5711}
		{F8026693-9270-322C-9CC1-2B02FE6399FC} = {F8026693-9270-322C-9CC1-2B02FE6399FC}
		{DBA98433-82FB-3188-BB06-845C824FA72F} = {DBA98433-82FB-3188-BB06-845C824FA72F}
		{D9167550-7CBF-3C3E-81E3-535CB7E71D5F} = {D9167550-7CBF-3C3E-81E3-535CB7E71D5F}
		{E5A65546-BC54-3E2F-85AC-B717EB166FAC} = {E5A65546-BC54-3E2F-85AC-B717EB166FAC}
		{3E259A14-3462-3541-8A3F-6226959975DB} = {3E259A14-3462-3541-8A3F-6226959975DB}
		{2C503359-93DC-38BC-A449-A15720691C02} = {2C503359-93DC-38BC-A449-A15720691C02}
		{54F42834-9B7E-3F75-B740-AD3C968CEE3E} = {54F42834-9B7E-3F75-B740-AD3C968CEE3E}
		{82AA116D-489F-32FA-8E28-5AE674D26CFB} = {82AA116D-489F-32FA-8E28-5AE674D26CFB}
		{213304E2-81AE-36D4-A762-6FA015BFC353} = {213304E2-81AE-36D4-A762-6FA015BFC353}
	EndProjectSection
EndProject
Project("{8BC9CEB8-8B4A-11D0-8D11-00A0C91BC942}") = "SYNC_RESOURCE-JuGame", "SYNC_RESOURCE-JuGame.vcxproj", "{E2058D18-346B-3725-AE33-53530728DC72}"
	ProjectSection(ProjectDependencies) = postProject
		{5D367466-1340-39D9-A06D-BEFA20E77428} = {5D367466-1340-39D9-A06D-BEFA20E77428}
	EndProjectSection
EndProject
Project("{8BC9CEB8-8B4A-11D0-8D11-00A0C91BC942}") = "ZERO_CHECK", "ZERO_CHECK.vcxproj", "{5D367466-1340-39D9-A06D-BEFA20E77428}"
EndProject
Project("{8BC9CEB8-8B4A-11D0-8D11-00A0C91BC942}") = "cocos2d", "engine\cocos\core\cocos2d.vcxproj", "{1F077F3E-52B1-3E0D-A67B-4BA7DC3C0CBB}"
	ProjectSection(ProjectDependencies) = postProject
		{5D367466-1340-39D9-A06D-BEFA20E77428} = {5D367466-1340-39D9-A06D-BEFA20E77428}
		{E820674C-E993-339C-9916-8933363D7274} = {E820674C-E993-339C-9916-8933363D7274}
		{1D60C9D3-6A2A-3190-9136-E319CD6E5711} = {1D60C9D3-6A2A-3190-9136-E319CD6E5711}
		{F8026693-9270-322C-9CC1-2B02FE6399FC} = {F8026693-9270-322C-9CC1-2B02FE6399FC}
		{DBA98433-82FB-3188-BB06-845C824FA72F} = {DBA98433-82FB-3188-BB06-845C824FA72F}
		{D9167550-7CBF-3C3E-81E3-535CB7E71D5F} = {D9167550-7CBF-3C3E-81E3-535CB7E71D5F}
		{E5A65546-BC54-3E2F-85AC-B717EB166FAC} = {E5A65546-BC54-3E2F-85AC-B717EB166FAC}
		{3E259A14-3462-3541-8A3F-6226959975DB} = {3E259A14-3462-3541-8A3F-6226959975DB}
		{2C503359-93DC-38BC-A449-A15720691C02} = {2C503359-93DC-38BC-A449-A15720691C02}
		{54F42834-9B7E-3F75-B740-AD3C968CEE3E} = {54F42834-9B7E-3F75-B740-AD3C968CEE3E}
		{82AA116D-489F-32FA-8E28-5AE674D26CFB} = {82AA116D-489F-32FA-8E28-5AE674D26CFB}
		{213304E2-81AE-36D4-A762-6FA015BFC353} = {213304E2-81AE-36D4-A762-6FA015BFC353}
	EndProjectSection
EndProject
Project("{8BC9CEB8-8B4A-11D0-8D11-00A0C91BC942}") = "ext_clipper", "engine\external\clipper\ext_clipper.vcxproj", "{E820674C-E993-339C-9916-8933363D7274}"
	ProjectSection(ProjectDependencies) = postProject
		{5D367466-1340-39D9-A06D-BEFA20E77428} = {5D367466-1340-39D9-A06D-BEFA20E77428}
	EndProjectSection
EndProject
Project("{8BC9CEB8-8B4A-11D0-8D11-00A0C91BC942}") = "ext_convertUTF", "engine\external\ConvertUTF\ext_convertUTF.vcxproj", "{1D60C9D3-6A2A-3190-9136-E319CD6E5711}"
	ProjectSection(ProjectDependencies) = postProject
		{5D367466-1340-39D9-A06D-BEFA20E77428} = {5D367466-1340-39D9-A06D-BEFA20E77428}
	EndProjectSection
EndProject
Project("{8BC9CEB8-8B4A-11D0-8D11-00A0C91BC942}") = "ext_edtaa3func", "engine\external\edtaa3func\ext_edtaa3func.vcxproj", "{F8026693-9270-322C-9CC1-2B02FE6399FC}"
	ProjectSection(ProjectDependencies) = postProject
		{5D367466-1340-39D9-A06D-BEFA20E77428} = {5D367466-1340-39D9-A06D-BEFA20E77428}
	EndProjectSection
EndProject
Project("{8BC9CEB8-8B4A-11D0-8D11-00A0C91BC942}") = "ext_md5", "engine\external\md5\ext_md5.vcxproj", "{DBA98433-82FB-3188-BB06-845C824FA72F}"
	ProjectSection(ProjectDependencies) = postProject
		{5D367466-1340-39D9-A06D-BEFA20E77428} = {5D367466-1340-39D9-A06D-BEFA20E77428}
	EndProjectSection
EndProject
Project("{8BC9CEB8-8B4A-11D0-8D11-00A0C91BC942}") = "ext_poly2tri", "engine\external\poly2tri\ext_poly2tri.vcxproj", "{D9167550-7CBF-3C3E-81E3-535CB7E71D5F}"
	ProjectSection(ProjectDependencies) = postProject
		{5D367466-1340-39D9-A06D-BEFA20E77428} = {5D367466-1340-39D9-A06D-BEFA20E77428}
	EndProjectSection
EndProject
Project("{8BC9CEB8-8B4A-11D0-8D11-00A0C91BC942}") = "ext_recast", "engine\external\recast\ext_recast.vcxproj", "{E5A65546-BC54-3E2F-85AC-B717EB166FAC}"
	ProjectSection(ProjectDependencies) = postProject
		{5D367466-1340-39D9-A06D-BEFA20E77428} = {5D367466-1340-39D9-A06D-BEFA20E77428}
	EndProjectSection
EndProject
Project("{8BC9CEB8-8B4A-11D0-8D11-00A0C91BC942}") = "ext_tinyxml2", "engine\external\tinyxml2\ext_tinyxml2.vcxproj", "{3E259A14-3462-3541-8A3F-6226959975DB}"
	ProjectSection(ProjectDependencies) = postProject
		{5D367466-1340-39D9-A06D-BEFA20E77428} = {5D367466-1340-39D9-A06D-BEFA20E77428}
	EndProjectSection
EndProject
Project("{8BC9CEB8-8B4A-11D0-8D11-00A0C91BC942}") = "ext_unzip", "engine\external\unzip\ext_unzip.vcxproj", "{2C503359-93DC-38BC-A449-A15720691C02}"
	ProjectSection(ProjectDependencies) = postProject
		{5D367466-1340-39D9-A06D-BEFA20E77428} = {5D367466-1340-39D9-A06D-BEFA20E77428}
	EndProjectSection
EndProject
Project("{8BC9CEB8-8B4A-11D0-8D11-00A0C91BC942}") = "ext_xxhash", "engine\external\xxhash\ext_xxhash.vcxproj", "{54F42834-9B7E-3F75-B740-AD3C968CEE3E}"
	ProjectSection(ProjectDependencies) = postProject
		{5D367466-1340-39D9-A06D-BEFA20E77428} = {5D367466-1340-39D9-A06D-BEFA20E77428}
	EndProjectSection
EndProject
Project("{8BC9CEB8-8B4A-11D0-8D11-00A0C91BC942}") = "ext_xxtea", "engine\external\xxtea\ext_xxtea.vcxproj", "{82AA116D-489F-32FA-8E28-5AE674D26CFB}"
	ProjectSection(ProjectDependencies) = postProject
		{5D367466-1340-39D9-A06D-BEFA20E77428} = {5D367466-1340-39D9-A06D-BEFA20E77428}
	EndProjectSection
EndProject
Project("{8BC9CEB8-8B4A-11D0-8D11-00A0C91BC942}") = "external", "engine\external\external.vcxproj", "{213304E2-81AE-36D4-A762-6FA015BFC353}"
	ProjectSection(ProjectDependencies) = postProject
		{5D367466-1340-39D9-A06D-BEFA20E77428} = {5D367466-1340-39D9-A06D-BEFA20E77428}
		{E820674C-E993-339C-9916-8933363D7274} = {E820674C-E993-339C-9916-8933363D7274}
		{1D60C9D3-6A2A-3190-9136-E319CD6E5711} = {1D60C9D3-6A2A-3190-9136-E319CD6E5711}
		{F8026693-9270-322C-9CC1-2B02FE6399FC} = {F8026693-9270-322C-9CC1-2B02FE6399FC}
		{DBA98433-82FB-3188-BB06-845C824FA72F} = {DBA98433-82FB-3188-BB06-845C824FA72F}
		{D9167550-7CBF-3C3E-81E3-535CB7E71D5F} = {D9167550-7CBF-3C3E-81E3-535CB7E71D5F}
		{E5A65546-BC54-3E2F-85AC-B717EB166FAC} = {E5A65546-BC54-3E2F-85AC-B717EB166FAC}
		{3E259A14-3462-3541-8A3F-6226959975DB} = {3E259A14-3462-3541-8A3F-6226959975DB}
		{2C503359-93DC-38BC-A449-A15720691C02} = {2C503359-93DC-38BC-A449-A15720691C02}
		{54F42834-9B7E-3F75-B740-AD3C968CEE3E} = {54F42834-9B7E-3F75-B740-AD3C968CEE3E}
		{82AA116D-489F-32FA-8E28-5AE674D26CFB} = {82AA116D-489F-32FA-8E28-5AE674D26CFB}
	EndProjectSection
EndProject
Global
	GlobalSection(SolutionConfigurationPlatforms) = preSolution
		Debug|Win32 = Debug|Win32
		MinSizeRel|Win32 = MinSizeRel|Win32
		Release|Win32 = Release|Win32
		RelWithDebInfo|Win32 = RelWithDebInfo|Win32
	EndGlobalSection
	GlobalSection(ProjectConfigurationPlatforms) = postSolution
		{E83235FF-35D2-3C2D-B3FA-E147F6FE4F62}.Debug|Win32.ActiveCfg = Debug|Win32
		{E83235FF-35D2-3C2D-B3FA-E147F6FE4F62}.MinSizeRel|Win32.ActiveCfg = MinSizeRel|Win32
		{E83235FF-35D2-3C2D-B3FA-E147F6FE4F62}.Release|Win32.ActiveCfg = Release|Win32
		{E83235FF-35D2-3C2D-B3FA-E147F6FE4F62}.RelWithDebInfo|Win32.ActiveCfg = RelWithDebInfo|Win32
		{C7691E3B-A737-3802-B49B-A0DBF2CBD8F1}.Debug|Win32.ActiveCfg = Debug|Win32
		{C7691E3B-A737-3802-B49B-A0DBF2CBD8F1}.Debug|Win32.Build.0 = Debug|Win32
		{C7691E3B-A737-3802-B49B-A0DBF2CBD8F1}.MinSizeRel|Win32.ActiveCfg = MinSizeRel|Win32
		{C7691E3B-A737-3802-B49B-A0DBF2CBD8F1}.MinSizeRel|Win32.Build.0 = MinSizeRel|Win32
		{C7691E3B-A737-3802-B49B-A0DBF2CBD8F1}.Release|Win32.ActiveCfg = Release|Win32
		{C7691E3B-A737-3802-B49B-A0DBF2CBD8F1}.Release|Win32.Build.0 = Release|Win32
		{C7691E3B-A737-3802-B49B-A0DBF2CBD8F1}.RelWithDebInfo|Win32.ActiveCfg = RelWithDebInfo|Win32
		{C7691E3B-A737-3802-B49B-A0DBF2CBD8F1}.RelWithDebInfo|Win32.Build.0 = RelWithDebInfo|Win32
		{E2058D18-346B-3725-AE33-53530728DC72}.Debug|Win32.ActiveCfg = Debug|Win32
		{E2058D18-346B-3725-AE33-53530728DC72}.Debug|Win32.Build.0 = Debug|Win32
		{E2058D18-346B-3725-AE33-53530728DC72}.MinSizeRel|Win32.ActiveCfg = MinSizeRel|Win32
		{E2058D18-346B-3725-AE33-53530728DC72}.MinSizeRel|Win32.Build.0 = MinSizeRel|Win32
		{E2058D18-346B-3725-AE33-53530728DC72}.Release|Win32.ActiveCfg = Release|Win32
		{E2058D18-346B-3725-AE33-53530728DC72}.Release|Win32.Build.0 = Release|Win32
		{E2058D18-346B-3725-AE33-53530728DC72}.RelWithDebInfo|Win32.ActiveCfg = RelWithDebInfo|Win32
		{E2058D18-346B-3725-AE33-53530728DC72}.RelWithDebInfo|Win32.Build.0 = RelWithDebInfo|Win32
		{5D367466-1340-39D9-A06D-BEFA20E77428}.Debug|Win32.ActiveCfg = Debug|Win32
		{5D367466-1340-39D9-A06D-BEFA20E77428}.Debug|Win32.Build.0 = Debug|Win32
		{5D367466-1340-39D9-A06D-BEFA20E77428}.MinSizeRel|Win32.ActiveCfg = MinSizeRel|Win32
		{5D367466-1340-39D9-A06D-BEFA20E77428}.MinSizeRel|Win32.Build.0 = MinSizeRel|Win32
		{5D367466-1340-39D9-A06D-BEFA20E77428}.Release|Win32.ActiveCfg = Release|Win32
		{5D367466-1340-39D9-A06D-BEFA20E77428}.Release|Win32.Build.0 = Release|Win32
		{5D367466-1340-39D9-A06D-BEFA20E77428}.RelWithDebInfo|Win32.ActiveCfg = RelWithDebInfo|Win32
		{5D367466-1340-39D9-A06D-BEFA20E77428}.RelWithDebInfo|Win32.Build.0 = RelWithDebInfo|Win32
		{1F077F3E-52B1-3E0D-A67B-4BA7DC3C0CBB}.Debug|Win32.ActiveCfg = Debug|Win32
		{1F077F3E-52B1-3E0D-A67B-4BA7DC3C0CBB}.Debug|Win32.Build.0 = Debug|Win32
		{1F077F3E-52B1-3E0D-A67B-4BA7DC3C0CBB}.MinSizeRel|Win32.ActiveCfg = MinSizeRel|Win32
		{1F077F3E-52B1-3E0D-A67B-4BA7DC3C0CBB}.MinSizeRel|Win32.Build.0 = MinSizeRel|Win32
		{1F077F3E-52B1-3E0D-A67B-4BA7DC3C0CBB}.Release|Win32.ActiveCfg = Release|Win32
		{1F077F3E-52B1-3E0D-A67B-4BA7DC3C0CBB}.Release|Win32.Build.0 = Release|Win32
		{1F077F3E-52B1-3E0D-A67B-4BA7DC3C0CBB}.RelWithDebInfo|Win32.ActiveCfg = RelWithDebInfo|Win32
		{1F077F3E-52B1-3E0D-A67B-4BA7DC3C0CBB}.RelWithDebInfo|Win32.Build.0 = RelWithDebInfo|Win32
		{E820674C-E993-339C-9916-8933363D7274}.Debug|Win32.ActiveCfg = Debug|Win32
		{E820674C-E993-339C-9916-8933363D7274}.Debug|Win32.Build.0 = Debug|Win32
		{E820674C-E993-339C-9916-8933363D7274}.MinSizeRel|Win32.ActiveCfg = MinSizeRel|Win32
		{E820674C-E993-339C-9916-8933363D7274}.MinSizeRel|Win32.Build.0 = MinSizeRel|Win32
		{E820674C-E993-339C-9916-8933363D7274}.Release|Win32.ActiveCfg = Release|Win32
		{E820674C-E993-339C-9916-8933363D7274}.Release|Win32.Build.0 = Release|Win32
		{E820674C-E993-339C-9916-8933363D7274}.RelWithDebInfo|Win32.ActiveCfg = RelWithDebInfo|Win32
		{E820674C-E993-339C-9916-8933363D7274}.RelWithDebInfo|Win32.Build.0 = RelWithDebInfo|Win32
		{1D60C9D3-6A2A-3190-9136-E319CD6E5711}.Debug|Win32.ActiveCfg = Debug|Win32
		{1D60C9D3-6A2A-3190-9136-E319CD6E5711}.Debug|Win32.Build.0 = Debug|Win32
		{1D60C9D3-6A2A-3190-9136-E319CD6E5711}.MinSizeRel|Win32.ActiveCfg = MinSizeRel|Win32
		{1D60C9D3-6A2A-3190-9136-E319CD6E5711}.MinSizeRel|Win32.Build.0 = MinSizeRel|Win32
		{1D60C9D3-6A2A-3190-9136-E319CD6E5711}.Release|Win32.ActiveCfg = Release|Win32
		{1D60C9D3-6A2A-3190-9136-E319CD6E5711}.Release|Win32.Build.0 = Release|Win32
		{1D60C9D3-6A2A-3190-9136-E319CD6E5711}.RelWithDebInfo|Win32.ActiveCfg = RelWithDebInfo|Win32
		{1D60C9D3-6A2A-3190-9136-E319CD6E5711}.RelWithDebInfo|Win32.Build.0 = RelWithDebInfo|Win32
		{F8026693-9270-322C-9CC1-2B02FE6399FC}.Debug|Win32.ActiveCfg = Debug|Win32
		{F8026693-9270-322C-9CC1-2B02FE6399FC}.Debug|Win32.Build.0 = Debug|Win32
		{F8026693-9270-322C-9CC1-2B02FE6399FC}.MinSizeRel|Win32.ActiveCfg = MinSizeRel|Win32
		{F8026693-9270-322C-9CC1-2B02FE6399FC}.MinSizeRel|Win32.Build.0 = MinSizeRel|Win32
		{F8026693-9270-322C-9CC1-2B02FE6399FC}.Release|Win32.ActiveCfg = Release|Win32
		{F8026693-9270-322C-9CC1-2B02FE6399FC}.Release|Win32.Build.0 = Release|Win32
		{F8026693-9270-322C-9CC1-2B02FE6399FC}.RelWithDebInfo|Win32.ActiveCfg = RelWithDebInfo|Win32
		{F8026693-9270-322C-9CC1-2B02FE6399FC}.RelWithDebInfo|Win32.Build.0 = RelWithDebInfo|Win32
		{DBA98433-82FB-3188-BB06-845C824FA72F}.Debug|Win32.ActiveCfg = Debug|Win32
		{DBA98433-82FB-3188-BB06-845C824FA72F}.Debug|Win32.Build.0 = Debug|Win32
		{DBA98433-82FB-3188-BB06-845C824FA72F}.MinSizeRel|Win32.ActiveCfg = MinSizeRel|Win32
		{DBA98433-82FB-3188-BB06-845C824FA72F}.MinSizeRel|Win32.Build.0 = MinSizeRel|Win32
		{DBA98433-82FB-3188-BB06-845C824FA72F}.Release|Win32.ActiveCfg = Release|Win32
		{DBA98433-82FB-3188-BB06-845C824FA72F}.Release|Win32.Build.0 = Release|Win32
		{DBA98433-82FB-3188-BB06-845C824FA72F}.RelWithDebInfo|Win32.ActiveCfg = RelWithDebInfo|Win32
		{DBA98433-82FB-3188-BB06-845C824FA72F}.RelWithDebInfo|Win32.Build.0 = RelWithDebInfo|Win32
		{D9167550-7CBF-3C3E-81E3-535CB7E71D5F}.Debug|Win32.ActiveCfg = Debug|Win32
		{D9167550-7CBF-3C3E-81E3-535CB7E71D5F}.Debug|Win32.Build.0 = Debug|Win32
		{D9167550-7CBF-3C3E-81E3-535CB7E71D5F}.MinSizeRel|Win32.ActiveCfg = MinSizeRel|Win32
		{D9167550-7CBF-3C3E-81E3-535CB7E71D5F}.MinSizeRel|Win32.Build.0 = MinSizeRel|Win32
		{D9167550-7CBF-3C3E-81E3-535CB7E71D5F}.Release|Win32.ActiveCfg = Release|Win32
		{D9167550-7CBF-3C3E-81E3-535CB7E71D5F}.Release|Win32.Build.0 = Release|Win32
		{D9167550-7CBF-3C3E-81E3-535CB7E71D5F}.RelWithDebInfo|Win32.ActiveCfg = RelWithDebInfo|Win32
		{D9167550-7CBF-3C3E-81E3-535CB7E71D5F}.RelWithDebInfo|Win32.Build.0 = RelWithDebInfo|Win32
		{E5A65546-BC54-3E2F-85AC-B717EB166FAC}.Debug|Win32.ActiveCfg = Debug|Win32
		{E5A65546-BC54-3E2F-85AC-B717EB166FAC}.Debug|Win32.Build.0 = Debug|Win32
		{E5A65546-BC54-3E2F-85AC-B717EB166FAC}.MinSizeRel|Win32.ActiveCfg = MinSizeRel|Win32
		{E5A65546-BC54-3E2F-85AC-B717EB166FAC}.MinSizeRel|Win32.Build.0 = MinSizeRel|Win32
		{E5A65546-BC54-3E2F-85AC-B717EB166FAC}.Release|Win32.ActiveCfg = Release|Win32
		{E5A65546-BC54-3E2F-85AC-B717EB166FAC}.Release|Win32.Build.0 = Release|Win32
		{E5A65546-BC54-3E2F-85AC-B717EB166FAC}.RelWithDebInfo|Win32.ActiveCfg = RelWithDebInfo|Win32
		{E5A65546-BC54-3E2F-85AC-B717EB166FAC}.RelWithDebInfo|Win32.Build.0 = RelWithDebInfo|Win32
		{3E259A14-3462-3541-8A3F-6226959975DB}.Debug|Win32.ActiveCfg = Debug|Win32
		{3E259A14-3462-3541-8A3F-6226959975DB}.Debug|Win32.Build.0 = Debug|Win32
		{3E259A14-3462-3541-8A3F-6226959975DB}.MinSizeRel|Win32.ActiveCfg = MinSizeRel|Win32
		{3E259A14-3462-3541-8A3F-6226959975DB}.MinSizeRel|Win32.Build.0 = MinSizeRel|Win32
		{3E259A14-3462-3541-8A3F-6226959975DB}.Release|Win32.ActiveCfg = Release|Win32
		{3E259A14-3462-3541-8A3F-6226959975DB}.Release|Win32.Build.0 = Release|Win32
		{3E259A14-3462-3541-8A3F-6226959975DB}.RelWithDebInfo|Win32.ActiveCfg = RelWithDebInfo|Win32
		{3E259A14-3462-3541-8A3F-6226959975DB}.RelWithDebInfo|Win32.Build.0 = RelWithDebInfo|Win32
		{2C503359-93DC-38BC-A449-A15720691C02}.Debug|Win32.ActiveCfg = Debug|Win32
		{2C503359-93DC-38BC-A449-A15720691C02}.Debug|Win32.Build.0 = Debug|Win32
		{2C503359-93DC-38BC-A449-A15720691C02}.MinSizeRel|Win32.ActiveCfg = MinSizeRel|Win32
		{2C503359-93DC-38BC-A449-A15720691C02}.MinSizeRel|Win32.Build.0 = MinSizeRel|Win32
		{2C503359-93DC-38BC-A449-A15720691C02}.Release|Win32.ActiveCfg = Release|Win32
		{2C503359-93DC-38BC-A449-A15720691C02}.Release|Win32.Build.0 = Release|Win32
		{2C503359-93DC-38BC-A449-A15720691C02}.RelWithDebInfo|Win32.ActiveCfg = RelWithDebInfo|Win32
		{2C503359-93DC-38BC-A449-A15720691C02}.RelWithDebInfo|Win32.Build.0 = RelWithDebInfo|Win32
		{54F42834-9B7E-3F75-B740-AD3C968CEE3E}.Debug|Win32.ActiveCfg = Debug|Win32
		{54F42834-9B7E-3F75-B740-AD3C968CEE3E}.Debug|Win32.Build.0 = Debug|Win32
		{54F42834-9B7E-3F75-B740-AD3C968CEE3E}.MinSizeRel|Win32.ActiveCfg = MinSizeRel|Win32
		{54F42834-9B7E-3F75-B740-AD3C968CEE3E}.MinSizeRel|Win32.Build.0 = MinSizeRel|Win32
		{54F42834-9B7E-3F75-B740-AD3C968CEE3E}.Release|Win32.ActiveCfg = Release|Win32
		{54F42834-9B7E-3F75-B740-AD3C968CEE3E}.Release|Win32.Build.0 = Release|Win32
		{54F42834-9B7E-3F75-B740-AD3C968CEE3E}.RelWithDebInfo|Win32.ActiveCfg = RelWithDebInfo|Win32
		{54F42834-9B7E-3F75-B740-AD3C968CEE3E}.RelWithDebInfo|Win32.Build.0 = RelWithDebInfo|Win32
		{82AA116D-489F-32FA-8E28-5AE674D26CFB}.Debug|Win32.ActiveCfg = Debug|Win32
		{82AA116D-489F-32FA-8E28-5AE674D26CFB}.Debug|Win32.Build.0 = Debug|Win32
		{82AA116D-489F-32FA-8E28-5AE674D26CFB}.MinSizeRel|Win32.ActiveCfg = MinSizeRel|Win32
		{82AA116D-489F-32FA-8E28-5AE674D26CFB}.MinSizeRel|Win32.Build.0 = MinSizeRel|Win32
		{82AA116D-489F-32FA-8E28-5AE674D26CFB}.Release|Win32.ActiveCfg = Release|Win32
		{82AA116D-489F-32FA-8E28-5AE674D26CFB}.Release|Win32.Build.0 = Release|Win32
		{82AA116D-489F-32FA-8E28-5AE674D26CFB}.RelWithDebInfo|Win32.ActiveCfg = RelWithDebInfo|Win32
		{82AA116D-489F-32FA-8E28-5AE674D26CFB}.RelWithDebInfo|Win32.Build.0 = RelWithDebInfo|Win32
		{213304E2-81AE-36D4-A762-6FA015BFC353}.Debug|Win32.ActiveCfg = Debug|Win32
		{213304E2-81AE-36D4-A762-6FA015BFC353}.Debug|Win32.Build.0 = Debug|Win32
		{213304E2-81AE-36D4-A762-6FA015BFC353}.MinSizeRel|Win32.ActiveCfg = MinSizeRel|Win32
		{213304E2-81AE-36D4-A762-6FA015BFC353}.MinSizeRel|Win32.Build.0 = MinSizeRel|Win32
		{213304E2-81AE-36D4-A762-6FA015BFC353}.Release|Win32.ActiveCfg = Release|Win32
		{213304E2-81AE-36D4-A762-6FA015BFC353}.Release|Win32.Build.0 = Release|Win32
		{213304E2-81AE-36D4-A762-6FA015BFC353}.RelWithDebInfo|Win32.ActiveCfg = RelWithDebInfo|Win32
		{213304E2-81AE-36D4-A762-6FA015BFC353}.RelWithDebInfo|Win32.Build.0 = RelWithDebInfo|Win32
	EndGlobalSection
	GlobalSection(SolutionProperties) = preSolution
		HideSolutionNode = FALSE
	EndGlobalSection
	GlobalSection(NestedProjects) = preSolution
		{E83235FF-35D2-3C2D-B3FA-E147F6FE4F62} = {81B588CE-A7E9-3AB7-BAC9-D048E10427F0}
		{E2058D18-346B-3725-AE33-53530728DC72} = {D8A1F043-82EB-389B-BDDA-706EEF447277}
		{5D367466-1340-39D9-A06D-BEFA20E77428} = {81B588CE-A7E9-3AB7-BAC9-D048E10427F0}
		{1F077F3E-52B1-3E0D-A67B-4BA7DC3C0CBB} = {44DDBCFC-8871-3D66-8D05-651EF3DF0719}
		{E820674C-E993-339C-9916-8933363D7274} = {894186A6-76E6-3B90-B994-0FD879F9A17C}
		{1D60C9D3-6A2A-3190-9136-E319CD6E5711} = {894186A6-76E6-3B90-B994-0FD879F9A17C}
		{F8026693-9270-322C-9CC1-2B02FE6399FC} = {894186A6-76E6-3B90-B994-0FD879F9A17C}
		{DBA98433-82FB-3188-BB06-845C824FA72F} = {894186A6-76E6-3B90-B994-0FD879F9A17C}
		{D9167550-7CBF-3C3E-81E3-535CB7E71D5F} = {894186A6-76E6-3B90-B994-0FD879F9A17C}
		{E5A65546-BC54-3E2F-85AC-B717EB166FAC} = {894186A6-76E6-3B90-B994-0FD879F9A17C}
		{3E259A14-3462-3541-8A3F-6226959975DB} = {894186A6-76E6-3B90-B994-0FD879F9A17C}
		{2C503359-93DC-38BC-A449-A15720691C02} = {894186A6-76E6-3B90-B994-0FD879F9A17C}
		{54F42834-9B7E-3F75-B740-AD3C968CEE3E} = {894186A6-76E6-3B90-B994-0FD879F9A17C}
		{82AA116D-489F-32FA-8E28-5AE674D26CFB} = {894186A6-76E6-3B90-B994-0FD879F9A17C}
		{213304E2-81AE-36D4-A762-6FA015BFC353} = {894186A6-76E6-3B90-B994-0FD879F9A17C}
	EndGlobalSection
	GlobalSection(ExtensibilityGlobals) = postSolution
		SolutionGuid = {687D8B5B-5E61-35C8-BA74-0E1EBB806667}
	EndGlobalSection
EndGlobal
