<?xml version="1.0" encoding="utf-8"?>
<Project ToolsVersion="17.0" xmlns="http://schemas.microsoft.com/developer/msbuild/2003">
  <ItemGroup>
    <CustomBuild Include="C:\Users\jqntn\Documents\IIM\cocos2024\ju_game\JuGame\CMakeFiles\85031d70ab835ec8bd045ce1b647842d\SYNC_RESOURCE-JuGame.rule">
      <Filter>CMake Rules</Filter>
    </CustomBuild>
    <CustomBuild Include="C:\Users\jqntn\Documents\IIM\cocos2024\ju_game\JuGame\CMakeLists.txt" />
  </ItemGroup>
  <ItemGroup>
    <None Include="C:\Users\jqntn\Documents\IIM\cocos2024\ju_game\JuGame\CMakeFiles\SYNC_RESOURCE-JuGame" />
  </ItemGroup>
  <ItemGroup>
    <Filter Include="CMake Rules">
      <UniqueIdentifier>{0B3CE8B0-5539-312D-87A6-62072341DFCF}</UniqueIdentifier>
    </Filter>
  </ItemGroup>
</Project>
